// !$*UTF8*$!
{
	archiveVersion = 1;
	classes = {
	};
	objectVersion = 46;
	objects = {

/* Begin PBXBuildFile section */
		063162011E321DC5006D3B0C /* AppDelegate.swift in Sources */ = {isa = PBXBuildFile; fileRef = 063162001E321DC5006D3B0C /* AppDelegate.swift */; };
		063162031E321DC5006D3B0C /* ViewController.swift in Sources */ = {isa = PBXBuildFile; fileRef = 063162021E321DC5006D3B0C /* ViewController.swift */; };
		063162061E321DC5006D3B0C /* Main.storyboard in Resources */ = {isa = PBXBuildFile; fileRef = 063162041E321DC5006D3B0C /* Main.storyboard */; };
		063162081E321DC5006D3B0C /* Assets.xcassets in Resources */ = {isa = PBXBuildFile; fileRef = 063162071E321DC5006D3B0C /* Assets.xcassets */; };
		0631620B1E321DC5006D3B0C /* LaunchScreen.storyboard in Resources */ = {isa = PBXBuildFile; fileRef = 063162091E321DC5006D3B0C /* LaunchScreen.storyboard */; };
		063162151E3222A0006D3B0C /* InputViewController.swift in Sources */ = {isa = PBXBuildFile; fileRef = 063162141E3222A0006D3B0C /* InputViewController.swift */; };
		063162171E3229EC006D3B0C /* Task.swift in Sources */ = {isa = PBXBuildFile; fileRef = 063162161E3229EC006D3B0C /* Task.swift */; };
		3B6158A2041C95856AD72444 /* Pods_taskapp.framework in Frameworks */ = {isa = PBXBuildFile; fileRef = 87E5340300A6EA6042138E4D /* Pods_taskapp.framework */; };
/* End PBXBuildFile section */

/* Begin PBXFileReference section */
		063161FD1E321DC5006D3B0C /* taskapp.app */ = {isa = PBXFileReference; explicitFileType = wrapper.application; includeInIndex = 0; path = taskapp.app; sourceTree = BUILT_PRODUCTS_DIR; };
		063162001E321DC5006D3B0C /* AppDelegate.swift */ = {isa = PBXFileReference; lastKnownFileType = sourcecode.swift; path = AppDelegate.swift; sourceTree = "<group>"; };
		063162021E321DC5006D3B0C /* ViewController.swift */ = {isa = PBXFileReference; lastKnownFileType = sourcecode.swift; path = ViewController.swift; sourceTree = "<group>"; };
		063162051E321DC5006D3B0C /* Base */ = {isa = PBXFileReference; lastKnownFileType = file.storyboard; name = Base; path = Base.lproj/Main.storyboard; sourceTree = "<group>"; };
		063162071E321DC5006D3B0C /* Assets.xcassets */ = {isa = PBXFileReference; lastKnownFileType = folder.assetcatalog; path = Assets.xcassets; sourceTree = "<group>"; };
		0631620A1E321DC5006D3B0C /* Base */ = {isa = PBXFileReference; lastKnownFileType = file.storyboard; name = Base; path = Base.lproj/LaunchScreen.storyboard; sourceTree = "<group>"; };
		0631620C1E321DC5006D3B0C /* Info.plist */ = {isa = PBXFileReference; lastKnownFileType = text.plist.xml; path = Info.plist; sourceTree = "<group>"; };
		063162141E3222A0006D3B0C /* InputViewController.swift */ = {isa = PBXFileReference; fileEncoding = 4; lastKnownFileType = sourcecode.swift; path = InputViewController.swift; sourceTree = "<group>"; };
		063162161E3229EC006D3B0C /* Task.swift */ = {isa = PBXFileReference; fileEncoding = 4; lastKnownFileType = sourcecode.swift; path = Task.swift; sourceTree = "<group>"; };
		14FA187E5AD715FAF54EC77C /* Pods-taskapp.debug.xcconfig */ = {isa = PBXFileReference; includeInIndex = 1; lastKnownFileType = text.xcconfig; name = "Pods-taskapp.debug.xcconfig"; path = "Pods/Target Support Files/Pods-taskapp/Pods-taskapp.debug.xcconfig"; sourceTree = "<group>"; };
		87E5340300A6EA6042138E4D /* Pods_taskapp.framework */ = {isa = PBXFileReference; explicitFileType = wrapper.framework; includeInIndex = 0; path = Pods_taskapp.framework; sourceTree = BUILT_PRODUCTS_DIR; };
		EF96560195BD973CC1E144F8 /* Pods-taskapp.release.xcconfig */ = {isa = PBXFileReference; includeInIndex = 1; lastKnownFileType = text.xcconfig; name = "Pods-taskapp.release.xcconfig"; path = "Pods/Target Support Files/Pods-taskapp/Pods-taskapp.release.xcconfig"; sourceTree = "<group>"; };
/* End PBXFileReference section */

/* Begin PBXFrameworksBuildPhase section */
		063161FA1E321DC5006D3B0C /* Frameworks */ = {
			isa = PBXFrameworksBuildPhase;
			buildActionMask = 2147483647;
			files = (
				3B6158A2041C95856AD72444 /* Pods_taskapp.framework in Frameworks */,
			);
			runOnlyForDeploymentPostprocessing = 0;
		};
/* End PBXFrameworksBuildPhase section */

/* Begin PBXGroup section */
		063161F41E321DC5006D3B0C = {
			isa = PBXGroup;
			children = (
				063161FF1E321DC5006D3B0C /* taskapp */,
				063161FE1E321DC5006D3B0C /* Products */,
				F90D8D095092EC8D77CE902B /* Pods */,
				AC2B2C668800434DD7CA5040 /* Frameworks */,
			);
			sourceTree = "<group>";
		};
		063161FE1E321DC5006D3B0C /* Products */ = {
			isa = PBXGroup;
			children = (
				063161FD1E321DC5006D3B0C /* taskapp.app */,
			);
			name = Products;
			sourceTree = "<group>";
		};
		063161FF1E321DC5006D3B0C /* taskapp */ = {
			isa = PBXGroup;
			children = (
				063162001E321DC5006D3B0C /* AppDelegate.swift */,
				063162021E321DC5006D3B0C /* ViewController.swift */,
				063162041E321DC5006D3B0C /* Main.storyboard */,
				063162141E3222A0006D3B0C /* InputViewController.swift */,
				063162071E321DC5006D3B0C /* Assets.xcassets */,
				063162091E321DC5006D3B0C /* LaunchScreen.storyboard */,
				0631620C1E321DC5006D3B0C /* Info.plist */,
				063162161E3229EC006D3B0C /* Task.swift */,
			);
			path = taskapp;
			sourceTree = "<group>";
		};
		AC2B2C668800434DD7CA5040 /* Frameworks */ = {
			isa = PBXGroup;
			children = (
				87E5340300A6EA6042138E4D /* Pods_taskapp.framework */,
			);
			name = Frameworks;
			sourceTree = "<group>";
		};
		F90D8D095092EC8D77CE902B /* Pods */ = {
			isa = PBXGroup;
			children = (
				14FA187E5AD715FAF54EC77C /* Pods-taskapp.debug.xcconfig */,
				EF96560195BD973CC1E144F8 /* Pods-taskapp.release.xcconfig */,
			);
			name = Pods;
			sourceTree = "<group>";
		};
/* End PBXGroup section */

/* Begin PBXNativeTarget section */
		063161FC1E321DC5006D3B0C /* taskapp */ = {
			isa = PBXNativeTarget;
			buildConfigurationList = 0631620F1E321DC5006D3B0C /* Build configuration list for PBXNativeTarget "taskapp" */;
			buildPhases = (
				E4B47A703E127C985471824A /* [CP] Check Pods Manifest.lock */,
				063161F91E321DC5006D3B0C /* Sources */,
				063161FA1E321DC5006D3B0C /* Frameworks */,
				063161FB1E321DC5006D3B0C /* Resources */,
				DA2713F18F56AB9F33750216 /* [CP] Embed Pods Frameworks */,
				916F915AD4C6F55B5EFF9E7B /* [CP] Copy Pods Resources */,
			);
			buildRules = (
			);
			dependencies = (
			);
			name = taskapp;
			productName = taskapp;
			productReference = 063161FD1E321DC5006D3B0C /* taskapp.app */;
			productType = "com.apple.product-type.application";
		};
/* End PBXNativeTarget section */

/* Begin PBXProject section */
		063161F51E321DC5006D3B0C /* Project object */ = {
			isa = PBXProject;
			attributes = {
				LastSwiftUpdateCheck = 0820;
				LastUpgradeCheck = 0820;
				ORGANIZATIONNAME = "山田哲平";
				TargetAttributes = {
					063161FC1E321DC5006D3B0C = {
						CreatedOnToolsVersion = 8.2.1;
						ProvisioningStyle = Automatic;
					};
				};
			};
			buildConfigurationList = 063161F81E321DC5006D3B0C /* Build configuration list for PBXProject "taskapp" */;
			compatibilityVersion = "Xcode 3.2";
			developmentRegion = English;
			hasScannedForEncodings = 0;
			knownRegions = (
				en,
				Base,
			);
			mainGroup = 063161F41E321DC5006D3B0C;
			productRefGroup = 063161FE1E321DC5006D3B0C /* Products */;
			projectDirPath = "";
			projectRoot = "";
			targets = (
				063161FC1E321DC5006D3B0C /* taskapp */,
			);
		};
/* End PBXProject section */

/* Begin PBXResourcesBuildPhase section */
		063161FB1E321DC5006D3B0C /* Resources */ = {
			isa = PBXResourcesBuildPhase;
			buildActionMask = 2147483647;
			files = (
				0631620B1E321DC5006D3B0C /* LaunchScreen.storyboard in Resources */,
				063162081E321DC5006D3B0C /* Assets.xcassets in Resources */,
				063162061E321DC5006D3B0C /* Main.storyboard in Resources */,
			);
			runOnlyForDeploymentPostprocessing = 0;
		};
/* End PBXResourcesBuildPhase section */

/* Begin PBXShellScriptBuildPhase section */
		916F915AD4C6F55B5EFF9E7B /* [CP] Copy Pods Resources */ = {
			isa = PBXShellScriptBuildPhase;
			buildActionMask = 2147483647;
			files = (
			);
			inputPaths = (
			);
			name = "[CP] Copy Pods Resources";
			outputPaths = (
			);
			runOnlyForDeploymentPostprocessing = 0;
			shellPath = /bin/sh;
			shellScript = "\"${SRCROOT}/Pods/Target Support Files/Pods-taskapp/Pods-taskapp-resources.sh\"\n";
			showEnvVarsInLog = 0;
		};
		DA2713F18F56AB9F33750216 /* [CP] Embed Pods Frameworks */ = {
			isa = PBXShellScriptBuildPhase;
			buildActionMask = 2147483647;
			files = (
			);
			inputPaths = (
			);
			name = "[CP] Embed Pods Frameworks";
			outputPaths = (
			);
			runOnlyForDeploymentPostprocessing = 0;
			shellPath = /bin/sh;
			shellScript = "\"${SRCROOT}/Pods/Target Support Files/Pods-taskapp/Pods-taskapp-frameworks.sh\"\n";
			showEnvVarsInLog = 0;
		};
		E4B47A703E127C985471824A /* [CP] Check Pods Manifest.lock */ = {
			isa = PBXShellScriptBuildPhase;
			buildActionMask = 2147483647;
			files = (
			);
			inputPaths = (
			);
			name = "[CP] Check Pods Manifest.lock";
			outputPaths = (
			);
			runOnlyForDeploymentPostprocessing = 0;
			shellPath = /bin/sh;
			shellScript = "diff \"${PODS_ROOT}/../Podfile.lock\" \"${PODS_ROOT}/Manifest.lock\" > /dev/null\nif [ $? != 0 ] ; then\n    # print error to STDERR\n    echo \"error: The sandbox is not in sync with the Podfile.lock. Run 'pod install' or update your CocoaPods installation.\" >&2\n    exit 1\nfi\n";
			showEnvVarsInLog = 0;
		};
/* End PBXShellScriptBuildPhase section */

/* Begin PBXSourcesBuildPhase section */
		063161F91E321DC5006D3B0C /* Sources */ = {
			isa = PBXSourcesBuildPhase;
			buildActionMask = 2147483647;
			files = (
				063162171E3229EC006D3B0C /* Task.swift in Sources */,
				063162151E3222A0006D3B0C /* InputViewController.swift in Sources */,
				063162031E321DC5006D3B0C /* ViewController.swift in Sources */,
				063162011E321DC5006D3B0C /* AppDelegate.swift in Sources */,
			);
			runOnlyForDeploymentPostprocessing = 0;
		};
/* End PBXSourcesBuildPhase section */

/* Begin PBXVariantGroup section */
		063162041E321DC5006D3B0C /* Main.storyboard */ = {
			isa = PBXVariantGroup;
			children = (
				063162051E321DC5006D3B0C /* Base */,
			);
			name = Main.storyboard;
			sourceTree = "<group>";
		};
		063162091E321DC5006D3B0C /* LaunchScreen.storyboard */ = {
			isa = PBXVariantGroup;
			children = (
				0631620A1E321DC5006D3B0C /* Base */,
			);
			name = LaunchScreen.storyboard;
			sourceTree = "<group>";
		};
/* End PBXVariantGroup section */

/* Begin XCBuildConfiguration section */
		0631620D1E321DC5006D3B0C /* Debug */ = {
			isa = XCBuildConfiguration;
			buildSettings = {
				ALWAYS_SEARCH_USER_PATHS = NO;
				CLANG_ANALYZER_NONNULL = YES;
				CLANG_CXX_LANGUAGE_STANDARD = "gnu++0x";
				CLANG_CXX_LIBRARY = "libc++";
				CLANG_ENABLE_MODULES = YES;
				CLANG_ENABLE_OBJC_ARC = YES;
				CLANG_WARN_BOOL_CONVERSION = YES;
				CLANG_WARN_CONSTANT_CONVERSION = YES;
				CLANG_WARN_DIRECT_OBJC_ISA_USAGE = YES_ERROR;
				CLANG_WARN_DOCUMENTATION_COMMENTS = YES;
				CLANG_WARN_EMPTY_BODY = YES;
				CLANG_WARN_ENUM_CONVERSION = YES;
				CLANG_WARN_INFINITE_RECURSION = YES;
				CLANG_WARN_INT_CONVERSION = YES;
				CLANG_WARN_OBJC_ROOT_CLASS = YES_ERROR;
				CLANG_WARN_SUSPICIOUS_MOVE = YES;
				CLANG_WARN_UNREACHABLE_CODE = YES;
				CLANG_WARN__DUPLICATE_METHOD_MATCH = YES;
				"CODE_SIGN_IDENTITY[sdk=iphoneos*]" = "iPhone Developer";
				COPY_PHASE_STRIP = NO;
				DEBUG_INFORMATION_FORMAT = dwarf;
				ENABLE_STRICT_OBJC_MSGSEND = YES;
				ENABLE_TESTABILITY = YES;
				GCC_C_LANGUAGE_STANDARD = gnu99;
				GCC_DYNAMIC_NO_PIC = NO;
				GCC_NO_COMMON_BLOCKS = YES;
				GCC_OPTIMIZATION_LEVEL = 0;
				GCC_PREPROCESSOR_DEFINITIONS = (
					"DEBUG=1",
					"$(inherited)",
				);
				GCC_WARN_64_TO_32_BIT_CONVERSION = YES;
				GCC_WARN_ABOUT_RETURN_TYPE = YES_ERROR;
				GCC_WARN_UNDECLARED_SELECTOR = YES;
				GCC_WARN_UNINITIALIZED_AUTOS = YES_AGGRESSIVE;
				GCC_WARN_UNUSED_FUNCTION = YES;
				GCC_WARN_UNUSED_VARIABLE = YES;
				IPHONEOS_DEPLOYMENT_TARGET = 10.2;
				MTL_ENABLE_DEBUG_INFO = YES;
				ONLY_ACTIVE_ARCH = YES;
				SDKROOT = iphoneos;
				SWIFT_ACTIVE_COMPILATION_CONDITIONS = DEBUG;
				SWIFT_OPTIMIZATION_LEVEL = "-Onone";
			};
			name = Debug;
		};
		0631620E1E321DC5006D3B0C /* Release */ = {
			isa = XCBuildConfiguration;
			buildSettings = {
				ALWAYS_SEARCH_USER_PATHS = NO;
				CLANG_ANALYZER_NONNULL = YES;
				CLANG_CXX_LANGUAGE_STANDARD = "gnu++0x";
				CLANG_CXX_LIBRARY = "libc++";
				CLANG_ENABLE_MODULES = YES;
				CLANG_ENABLE_OBJC_ARC = YES;
				CLANG_WARN_BOOL_CONVERSION = YES;
				CLANG_WARN_CONSTANT_CONVERSION = YES;
				CLANG_WARN_DIRECT_OBJC_ISA_USAGE = YES_ERROR;
				CLANG_WARN_DOCUMENTATION_COMMENTS = YES;
				CLANG_WARN_EMPTY_BODY = YES;
				CLANG_WARN_ENUM_CONVERSION = YES;
				CLANG_WARN_INFINITE_RECURSION = YES;
				CLANG_WARN_INT_CONVERSION = YES;
				CLANG_WARN_OBJC_ROOT_CLASS = YES_ERROR;
				CLANG_WARN_SUSPICIOUS_MOVE = YES;
				CLANG_WARN_UNREACHABLE_CODE = YES;
				CLANG_WARN__DUPLICATE_METHOD_MATCH = YES;
				"CODE_SIGN_IDENTITY[sdk=iphoneos*]" = "iPhone Developer";
				COPY_PHASE_STRIP = NO;
				DEBUG_INFORMATION_FORMAT = "dwarf-with-dsym";
				ENABLE_NS_ASSERTIONS = NO;
				ENABLE_STRICT_OBJC_MSGSEND = YES;
				GCC_C_LANGUAGE_STANDARD = gnu99;
				GCC_NO_COMMON_BLOCKS = YES;
				GCC_WARN_64_TO_32_BIT_CONVERSION = YES;
				GCC_WARN_ABOUT_RETURN_TYPE = YES_ERROR;
				GCC_WARN_UNDECLARED_SELECTOR = YES;
				GCC_WARN_UNINITIALIZED_AUTOS = YES_AGGRESSIVE;
				GCC_WARN_UNUSED_FUNCTION = YES;
				GCC_WARN_UNUSED_VARIABLE = YES;
				IPHONEOS_DEPLOYMENT_TARGET = 10.2;
				MTL_ENABLE_DEBUG_INFO = NO;
				SDKROOT = iphoneos;
				SWIFT_OPTIMIZATION_LEVEL = "-Owholemodule";
				VALIDATE_PRODUCT = YES;
			};
			name = Release;
		};
		063162101E321DC5006D3B0C /* Debug */ = {
			isa = XCBuildConfiguration;
			baseConfigurationReference = 14FA187E5AD715FAF54EC77C /* Pods-taskapp.debug.xcconfig */;
			buildSettings = {
				ASSETCATALOG_COMPILER_APPICON_NAME = AppIcon;
				INFOPLIST_FILE = taskapp/Info.plist;
				LD_RUNPATH_SEARCH_PATHS = "$(inherited) @executable_path/Frameworks";
				PRODUCT_BUNDLE_IDENTIFIER = jp.techacademy.teppei.yamada.taskapp;
				PRODUCT_NAME = "$(TARGET_NAME)";
				SWIFT_VERSION = 3.0;
			};
			name = Debug;
		};
		063162111E321DC5006D3B0C /* Release */ = {
			isa = XCBuildConfiguration;
			baseConfigurationReference = EF96560195BD973CC1E144F8 /* Pods-taskapp.release.xcconfig */;
			buildSettings = {
				ASSETCATALOG_COMPILER_APPICON_NAME = AppIcon;
				INFOPLIST_FILE = taskapp/Info.plist;
				LD_RUNPATH_SEARCH_PATHS = "$(inherited) @executable_path/Frameworks";
				PRODUCT_BUNDLE_IDENTIFIER = jp.techacademy.teppei.yamada.taskapp;
				PRODUCT_NAME = "$(TARGET_NAME)";
				SWIFT_VERSION = 3.0;
			};
			name = Release;
		};
/* End XCBuildConfiguration section */

/* Begin XCConfigurationList section */
		063161F81E321DC5006D3B0C /* Build configuration list for PBXProject "taskapp" */ = {
			isa = XCConfigurationList;
			buildConfigurations = (
				0631620D1E321DC5006D3B0C /* Debug */,
				0631620E1E321DC5006D3B0C /* Release */,
			);
			defaultConfigurationIsVisible = 0;
			defaultConfigurationName = Release;
		};
		0631620F1E321DC5006D3B0C /* Build configuration list for PBXNativeTarget "taskapp" */ = {
			isa = XCConfigurationList;
			buildConfigurations = (
				063162101E321DC5006D3B0C /* Debug */,
				063162111E321DC5006D3B0C /* Release */,
			);
			defaultConfigurationIsVisible = 0;
			defaultConfigurationName = Release;
		};
/* End XCConfigurationList section */
	};
	rootObject = 063161F51E321DC5006D3B0C /* Project object */;
}
